
Microsoft Visual Studio Solution File, Format Version 12.00
# Visual Studio 15
VisualStudioVersion = 15.0.27004.2008
MinimumVisualStudioVersion = 10.0.40219.1
Project("{9A19103F-16F7-4668-BE54-9A1E7A4F7556}") = "TrekkingForCharity.Api.App", "source\TrekkingForCharity.Api.App\TrekkingForCharity.Api.App.csproj", "{EBBF3D6E-1AE1-4A6B-B415-02091C4BF42E}"
EndProject
Project("{9A19103F-16F7-4668-BE54-9A1E7A4F7556}") = "TrekkingForCharity.Api.Write", "source\TrekkingForCharity.Api.Write\TrekkingForCharity.Api.Write.csproj", "{BB18E6E0-0FC8-4084-AFD5-036E3FC5851F}"
EndProject
Project("{2150E333-8FDC-42A3-9474-1A3956D46DE8}") = "Source", "Source", "{60AFD2A0-394A-42F5-A0A8-3C4A82BB5E40}"
EndProject
Project("{2150E333-8FDC-42A3-9474-1A3956D46DE8}") = "SharedFiles", "SharedFiles", "{8F13C711-ED19-4335-A513-87F719EE97A1}"
	ProjectSection(SolutionItems) = preProject
		source\SharedFiles\GlobalSuppressions.cs = source\SharedFiles\GlobalSuppressions.cs
		source\SharedFiles\stylecop.json = source\SharedFiles\stylecop.json
	EndProjectSection
EndProject
Project("{9A19103F-16F7-4668-BE54-9A1E7A4F7556}") = "TrekkingForCharity.Api.Read", "source\TrekkingForCharity.Api.Read\TrekkingForCharity.Api.Read.csproj", "{66F5F92E-3BB0-403D-BA20-E08098C8E878}"
EndProject
Project("{9A19103F-16F7-4668-BE54-9A1E7A4F7556}") = "TrekkingForCharity.Api.Core", "source\TrekkingForCharity.Api.Core\TrekkingForCharity.Api.Core.csproj", "{5DD61C98-FF28-4333-AF3C-D6941C3AA7D1}"
EndProject
Project("{2150E333-8FDC-42A3-9474-1A3956D46DE8}") = "Tests", "Tests", "{70A9BD1F-7253-4A00-A9F4-FC0B216D253C}"
EndProject
Project("{9A19103F-16F7-4668-BE54-9A1E7A4F7556}") = "TrekkingForCharity.Api.Tests", "tests\TrekkingForCharity.Api.Tests\TrekkingForCharity.Api.Tests.csproj", "{0FBFDA67-F145-4C8C-8A15-FA2C67B9BD03}"
EndProject
Project("{2150E333-8FDC-42A3-9474-1A3956D46DE8}") = "_", "_", "{796F56D8-E224-4597-813B-1262A9AEA5CD}"
	ProjectSection(SolutionItems) = preProject
		.gitignore = .gitignore
		CONTRIBUTING.md = CONTRIBUTING.md
		LICENSE = LICENSE
		README.md = README.md
	EndProjectSection
EndProject
Project("{2150E333-8FDC-42A3-9474-1A3956D46DE8}") = "Build", "Build", "{0E01C2F5-3A6C-4D55-9809-50C63394FEC5}"
	ProjectSection(SolutionItems) = preProject
		build\build.cake = build\build.cake
		build\build.ps1 = build\build.ps1
	EndProjectSection
EndProject
Project("{9A19103F-16F7-4668-BE54-9A1E7A4F7556}") = "TrekkingForCharity.Api.TestHarness", "tests\TrekkingForCharity.Api.TestHarness\TrekkingForCharity.Api.TestHarness.csproj", "{02BE68E4-1F1E-42B1-BFBF-778B13305603}"
EndProject
Project("{9A19103F-16F7-4668-BE54-9A1E7A4F7556}") = "TrekkingForCharity.Api.CodeGeneration", "source\TrekkingForCharity.Api.CodeGeneration\TrekkingForCharity.Api.CodeGeneration.csproj", "{AD7B9BD9-B4D8-4FA3-96D9-FB8BCD47A249}"
EndProject
Project("{9A19103F-16F7-4668-BE54-9A1E7A4F7556}") = "TrekkingForCharity.Api.Client", "source\TrekkingForCharity.Api.Client\TrekkingForCharity.Api.Client.csproj", "{0BCC4FDB-9994-4DC7-9EF9-425B77ABEDDF}"
EndProject
Global
	GlobalSection(SolutionConfigurationPlatforms) = preSolution
		Debug|Any CPU = Debug|Any CPU
		Debug-App|Any CPU = Debug-App|Any CPU
		Release|Any CPU = Release|Any CPU
	EndGlobalSection
	GlobalSection(ProjectConfigurationPlatforms) = postSolution
		{EBBF3D6E-1AE1-4A6B-B415-02091C4BF42E}.Debug|Any CPU.ActiveCfg = Debug|Any CPU
		{EBBF3D6E-1AE1-4A6B-B415-02091C4BF42E}.Debug|Any CPU.Build.0 = Debug|Any CPU
		{EBBF3D6E-1AE1-4A6B-B415-02091C4BF42E}.Debug-App|Any CPU.ActiveCfg = Debug-App|Any CPU
		{EBBF3D6E-1AE1-4A6B-B415-02091C4BF42E}.Debug-App|Any CPU.Build.0 = Debug-App|Any CPU
		{EBBF3D6E-1AE1-4A6B-B415-02091C4BF42E}.Release|Any CPU.ActiveCfg = Release|Any CPU
		{EBBF3D6E-1AE1-4A6B-B415-02091C4BF42E}.Release|Any CPU.Build.0 = Release|Any CPU
		{BB18E6E0-0FC8-4084-AFD5-036E3FC5851F}.Debug|Any CPU.ActiveCfg = Debug|Any CPU
		{BB18E6E0-0FC8-4084-AFD5-036E3FC5851F}.Debug|Any CPU.Build.0 = Debug|Any CPU
		{BB18E6E0-0FC8-4084-AFD5-036E3FC5851F}.Debug-App|Any CPU.ActiveCfg = Debug-App|Any CPU
		{BB18E6E0-0FC8-4084-AFD5-036E3FC5851F}.Debug-App|Any CPU.Build.0 = Debug-App|Any CPU
		{BB18E6E0-0FC8-4084-AFD5-036E3FC5851F}.Release|Any CPU.ActiveCfg = Release|Any CPU
		{BB18E6E0-0FC8-4084-AFD5-036E3FC5851F}.Release|Any CPU.Build.0 = Release|Any CPU
		{66F5F92E-3BB0-403D-BA20-E08098C8E878}.Debug|Any CPU.ActiveCfg = Debug|Any CPU
		{66F5F92E-3BB0-403D-BA20-E08098C8E878}.Debug|Any CPU.Build.0 = Debug|Any CPU
		{66F5F92E-3BB0-403D-BA20-E08098C8E878}.Debug-App|Any CPU.ActiveCfg = Debug-App|Any CPU
		{66F5F92E-3BB0-403D-BA20-E08098C8E878}.Debug-App|Any CPU.Build.0 = Debug-App|Any CPU
		{66F5F92E-3BB0-403D-BA20-E08098C8E878}.Release|Any CPU.ActiveCfg = Release|Any CPU
		{66F5F92E-3BB0-403D-BA20-E08098C8E878}.Release|Any CPU.Build.0 = Release|Any CPU
		{5DD61C98-FF28-4333-AF3C-D6941C3AA7D1}.Debug|Any CPU.ActiveCfg = Debug|Any CPU
		{5DD61C98-FF28-4333-AF3C-D6941C3AA7D1}.Debug|Any CPU.Build.0 = Debug|Any CPU
		{5DD61C98-FF28-4333-AF3C-D6941C3AA7D1}.Debug-App|Any CPU.ActiveCfg = Debug-App|Any CPU
		{5DD61C98-FF28-4333-AF3C-D6941C3AA7D1}.Debug-App|Any CPU.Build.0 = Debug-App|Any CPU
		{5DD61C98-FF28-4333-AF3C-D6941C3AA7D1}.Release|Any CPU.ActiveCfg = Release|Any CPU
		{5DD61C98-FF28-4333-AF3C-D6941C3AA7D1}.Release|Any CPU.Build.0 = Release|Any CPU
		{0FBFDA67-F145-4C8C-8A15-FA2C67B9BD03}.Debug|Any CPU.ActiveCfg = Debug|Any CPU
		{0FBFDA67-F145-4C8C-8A15-FA2C67B9BD03}.Debug|Any CPU.Build.0 = Debug|Any CPU
		{0FBFDA67-F145-4C8C-8A15-FA2C67B9BD03}.Debug-App|Any CPU.ActiveCfg = Debug-App|Any CPU
		{0FBFDA67-F145-4C8C-8A15-FA2C67B9BD03}.Debug-App|Any CPU.Build.0 = Debug-App|Any CPU
		{0FBFDA67-F145-4C8C-8A15-FA2C67B9BD03}.Release|Any CPU.ActiveCfg = Release|Any CPU
		{0FBFDA67-F145-4C8C-8A15-FA2C67B9BD03}.Release|Any CPU.Build.0 = Release|Any CPU
		{02BE68E4-1F1E-42B1-BFBF-778B13305603}.Debug|Any CPU.ActiveCfg = Debug|Any CPU
		{02BE68E4-1F1E-42B1-BFBF-778B13305603}.Debug|Any CPU.Build.0 = Debug|Any CPU
		{02BE68E4-1F1E-42B1-BFBF-778B13305603}.Debug-App|Any CPU.ActiveCfg = Debug-App|Any CPU
		{02BE68E4-1F1E-42B1-BFBF-778B13305603}.Release|Any CPU.ActiveCfg = Release|Any CPU
		{02BE68E4-1F1E-42B1-BFBF-778B13305603}.Release|Any CPU.Build.0 = Release|Any CPU
		{AD7B9BD9-B4D8-4FA3-96D9-FB8BCD47A249}.Debug|Any CPU.ActiveCfg = Debug|Any CPU
		{AD7B9BD9-B4D8-4FA3-96D9-FB8BCD47A249}.Debug|Any CPU.Build.0 = Debug|Any CPU
		{AD7B9BD9-B4D8-4FA3-96D9-FB8BCD47A249}.Debug-App|Any CPU.ActiveCfg = Debug-App|Any CPU
		{AD7B9BD9-B4D8-4FA3-96D9-FB8BCD47A249}.Release|Any CPU.ActiveCfg = Release|Any CPU
		{AD7B9BD9-B4D8-4FA3-96D9-FB8BCD47A249}.Release|Any CPU.Build.0 = Release|Any CPU
		{0BCC4FDB-9994-4DC7-9EF9-425B77ABEDDF}.Debug|Any CPU.ActiveCfg = Debug|Any CPU
		{0BCC4FDB-9994-4DC7-9EF9-425B77ABEDDF}.Debug|Any CPU.Build.0 = Debug|Any CPU
		{0BCC4FDB-9994-4DC7-9EF9-425B77ABEDDF}.Debug-App|Any CPU.ActiveCfg = Debug-App|Any CPU
		{0BCC4FDB-9994-4DC7-9EF9-425B77ABEDDF}.Release|Any CPU.ActiveCfg = Release|Any CPU
		{0BCC4FDB-9994-4DC7-9EF9-425B77ABEDDF}.Release|Any CPU.Build.0 = Release|Any CPU
	EndGlobalSection
	GlobalSection(SolutionProperties) = preSolution
		HideSolutionNode = FALSE
	EndGlobalSection
	GlobalSection(NestedProjects) = preSolution
		{EBBF3D6E-1AE1-4A6B-B415-02091C4BF42E} = {60AFD2A0-394A-42F5-A0A8-3C4A82BB5E40}
		{BB18E6E0-0FC8-4084-AFD5-036E3FC5851F} = {60AFD2A0-394A-42F5-A0A8-3C4A82BB5E40}
		{8F13C711-ED19-4335-A513-87F719EE97A1} = {60AFD2A0-394A-42F5-A0A8-3C4A82BB5E40}
		{66F5F92E-3BB0-403D-BA20-E08098C8E878} = {60AFD2A0-394A-42F5-A0A8-3C4A82BB5E40}
		{5DD61C98-FF28-4333-AF3C-D6941C3AA7D1} = {60AFD2A0-394A-42F5-A0A8-3C4A82BB5E40}
		{0FBFDA67-F145-4C8C-8A15-FA2C67B9BD03} = {70A9BD1F-7253-4A00-A9F4-FC0B216D253C}
		{02BE68E4-1F1E-42B1-BFBF-778B13305603} = {70A9BD1F-7253-4A00-A9F4-FC0B216D253C}
		{AD7B9BD9-B4D8-4FA3-96D9-FB8BCD47A249} = {60AFD2A0-394A-42F5-A0A8-3C4A82BB5E40}
		{0BCC4FDB-9994-4DC7-9EF9-425B77ABEDDF} = {60AFD2A0-394A-42F5-A0A8-3C4A82BB5E40}
	EndGlobalSection
	GlobalSection(ExtensibilityGlobals) = postSolution
		SolutionGuid = {8363A5F8-D5F4-4BC2-90BE-48BB941FDBDA}
	EndGlobalSection
EndGlobal
